
Microsoft Visual Studio Solution File, Format Version 12.00
# Visual Studio Version 17
VisualStudioVersion = 17.0.31903.59
MinimumVisualStudioVersion = 10.0.40219.1
Project("{2150E333-8FDC-42A3-9474-1A3956D46DE8}") = "EmailAPI", "EmailAPI", "{BFA9135A-FCFC-206C-5829-D696C4EBA5FF}"
EndProject
Project("{FAE04EC0-301F-11D3-BF4B-00C04F79EFBC}") = "EmailApi", "EmailAPI\EmailApi.csproj", "{12A5B44F-BEA7-4EBD-8ACC-A436293768AA}"
EndProject
Project("{FAE04EC0-301F-11D3-BF4B-00C04F79EFBC}") = "SmsAPI", "SmsAPI\SmsAPI.csproj", "{581EE9E9-84F7-4210-832A-A58E39FFB250}"
EndProject
Project("{FAE04EC0-301F-11D3-BF4B-00C04F79EFBC}") = "TestConsole", "TestConsole\TestConsole.csproj", "{9598F538-A565-437E-89BE-3A8CA11E19BC}"
EndProject
Global
	GlobalSection(SolutionConfigurationPlatforms) = preSolution
		Debug|Any CPU = Debug|Any CPU
		Debug|x64 = Debug|x64
		Debug|x86 = Debug|x86
		Release|Any CPU = Release|Any CPU
		Release|x64 = Release|x64
		Release|x86 = Release|x86
	EndGlobalSection
	GlobalSection(ProjectConfigurationPlatforms) = postSolution
		{12A5B44F-BEA7-4EBD-8ACC-A436293768AA}.Debug|Any CPU.ActiveCfg = Debug|Any CPU
		{12A5B44F-BEA7-4EBD-8ACC-A436293768AA}.Debug|Any CPU.Build.0 = Debug|Any CPU
		{12A5B44F-BEA7-4EBD-8ACC-A436293768AA}.Debug|x64.ActiveCfg = Debug|Any CPU
		{12A5B44F-BEA7-4EBD-8ACC-A436293768AA}.Debug|x64.Build.0 = Debug|Any CPU
		{12A5B44F-BEA7-4EBD-8ACC-A436293768AA}.Debug|x86.ActiveCfg = Debug|Any CPU
		{12A5B44F-BEA7-4EBD-8ACC-A436293768AA}.Debug|x86.Build.0 = Debug|Any CPU
		{12A5B44F-BEA7-4EBD-8ACC-A436293768AA}.Release|Any CPU.ActiveCfg = Release|Any CPU
		{12A5B44F-BEA7-4EBD-8ACC-A436293768AA}.Release|Any CPU.Build.0 = Release|Any CPU
		{12A5B44F-BEA7-4EBD-8ACC-A436293768AA}.Release|x64.ActiveCfg = Release|Any CPU
		{12A5B44F-BEA7-4EBD-8ACC-A436293768AA}.Release|x64.Build.0 = Release|Any CPU
		{12A5B44F-BEA7-4EBD-8ACC-A436293768AA}.Release|x86.ActiveCfg = Release|Any CPU
		{12A5B44F-BEA7-4EBD-8ACC-A436293768AA}.Release|x86.Build.0 = Release|Any CPU
		{581EE9E9-84F7-4210-832A-A58E39FFB250}.Debug|Any CPU.ActiveCfg = Debug|Any CPU
		{581EE9E9-84F7-4210-832A-A58E39FFB250}.Debug|Any CPU.Build.0 = Debug|Any CPU
		{581EE9E9-84F7-4210-832A-A58E39FFB250}.Debug|x64.ActiveCfg = Debug|Any CPU
		{581EE9E9-84F7-4210-832A-A58E39FFB250}.Debug|x64.Build.0 = Debug|Any CPU
		{581EE9E9-84F7-4210-832A-A58E39FFB250}.Debug|x86.ActiveCfg = Debug|Any CPU
		{581EE9E9-84F7-4210-832A-A58E39FFB250}.Debug|x86.Build.0 = Debug|Any CPU
		{581EE9E9-84F7-4210-832A-A58E39FFB250}.Release|Any CPU.ActiveCfg = Release|Any CPU
		{581EE9E9-84F7-4210-832A-A58E39FFB250}.Release|Any CPU.Build.0 = Release|Any CPU
		{581EE9E9-84F7-4210-832A-A58E39FFB250}.Release|x64.ActiveCfg = Release|Any CPU
		{581EE9E9-84F7-4210-832A-A58E39FFB250}.Release|x64.Build.0 = Release|Any CPU
		{581EE9E9-84F7-4210-832A-A58E39FFB250}.Release|x86.ActiveCfg = Release|Any CPU
		{581EE9E9-84F7-4210-832A-A58E39FFB250}.Release|x86.Build.0 = Release|Any CPU
		{9598F538-A565-437E-89BE-3A8CA11E19BC}.Debug|Any CPU.ActiveCfg = Debug|Any CPU
		{9598F538-A565-437E-89BE-3A8CA11E19BC}.Debug|Any CPU.Build.0 = Debug|Any CPU
		{9598F538-A565-437E-89BE-3A8CA11E19BC}.Debug|x64.ActiveCfg = Debug|Any CPU
		{9598F538-A565-437E-89BE-3A8CA11E19BC}.Debug|x64.Build.0 = Debug|Any CPU
		{9598F538-A565-437E-89BE-3A8CA11E19BC}.Debug|x86.ActiveCfg = Debug|Any CPU
		{9598F538-A565-437E-89BE-3A8CA11E19BC}.Debug|x86.Build.0 = Debug|Any CPU
		{9598F538-A565-437E-89BE-3A8CA11E19BC}.Release|Any CPU.ActiveCfg = Release|Any CPU
		{9598F538-A565-437E-89BE-3A8CA11E19BC}.Release|Any CPU.Build.0 = Release|Any CPU
		{9598F538-A565-437E-89BE-3A8CA11E19BC}.Release|x64.ActiveCfg = Release|Any CPU
		{9598F538-A565-437E-89BE-3A8CA11E19BC}.Release|x64.Build.0 = Release|Any CPU
		{9598F538-A565-437E-89BE-3A8CA11E19BC}.Release|x86.ActiveCfg = Release|Any CPU
		{9598F538-A565-437E-89BE-3A8CA11E19BC}.Release|x86.Build.0 = Release|Any CPU
	EndGlobalSection
	GlobalSection(SolutionProperties) = preSolution
		HideSolutionNode = FALSE
	EndGlobalSection
	GlobalSection(NestedProjects) = preSolution
		{12A5B44F-BEA7-4EBD-8ACC-A436293768AA} = {BFA9135A-FCFC-206C-5829-D696C4EBA5FF}
	EndGlobalSection
EndGlobal
