
Microsoft Visual Studio Solution File, Format Version 12.00
# Visual Studio Version 17
VisualStudioVersion = 17.5.002.0
MinimumVisualStudioVersion = 10.0.40219.1
Project("{9A19103F-16F7-4668-BE54-9A1E7A4F7556}") = "api", "api\api.csproj", "{FE3491E8-6DE8-4342-AFD7-1908544C816C}"
EndProject
Project("{2150E333-8FDC-42A3-9474-1A3956D46DE8}") = "api (1)", "api", "{41FBFD47-BBAC-4EED-A830-A73D3FBEF554}"
EndProject
Project("{2150E333-8FDC-42A3-9474-1A3956D46DE8}") = "obj", "obj", "{0124875F-03DA-4A75-AC1E-E133A862BDC7}"
EndProject
Project("{2150E333-8FDC-42A3-9474-1A3956D46DE8}") = "Debug", "Debug", "{E0F383A0-F7CB-482F-BBD8-AF16E5053DCF}"
EndProject
Project("{2150E333-8FDC-42A3-9474-1A3956D46DE8}") = "net8.0", "net8.0", "{B3F369DE-3ADB-4444-A335-9ED107BA048D}"
EndProject
Project("{9A19103F-16F7-4668-BE54-9A1E7A4F7556}") = "WorkerExtensions", "api\obj\Debug\net8.0\WorkerExtensions\WorkerExtensions.csproj", "{3578BF70-3942-4453-8CF9-C8F192428CF8}"
EndProject
Project("{2150E333-8FDC-42A3-9474-1A3956D46DE8}") = "Release", "Release", "{5F43EBD9-BF4D-448B-BBC4-670421ED89C2}"
EndProject
Project("{2150E333-8FDC-42A3-9474-1A3956D46DE8}") = "net8.0", "net8.0", "{8E13EF81-58F6-4B21-9A78-ED6CBE0B7D82}"
EndProject
Project("{9A19103F-16F7-4668-BE54-9A1E7A4F7556}") = "WorkerExtensions", "api\obj\Release\net8.0\WorkerExtensions\WorkerExtensions.csproj", "{20E87EA0-19EE-4B16-BB51-155E93AFDE82}"
EndProject
Global
	GlobalSection(SolutionConfigurationPlatforms) = preSolution
		Debug|Any CPU = Debug|Any CPU
		Release|Any CPU = Release|Any CPU
	EndGlobalSection
	GlobalSection(ProjectConfigurationPlatforms) = postSolution
		{FE3491E8-6DE8-4342-AFD7-1908544C816C}.Debug|Any CPU.ActiveCfg = Debug|Any CPU
		{FE3491E8-6DE8-4342-AFD7-1908544C816C}.Debug|Any CPU.Build.0 = Debug|Any CPU
		{FE3491E8-6DE8-4342-AFD7-1908544C816C}.Release|Any CPU.ActiveCfg = Release|Any CPU
		{FE3491E8-6DE8-4342-AFD7-1908544C816C}.Release|Any CPU.Build.0 = Release|Any CPU
		{3578BF70-3942-4453-8CF9-C8F192428CF8}.Debug|Any CPU.ActiveCfg = Debug|Any CPU
		{3578BF70-3942-4453-8CF9-C8F192428CF8}.Debug|Any CPU.Build.0 = Debug|Any CPU
		{3578BF70-3942-4453-8CF9-C8F192428CF8}.Release|Any CPU.ActiveCfg = Release|Any CPU
		{3578BF70-3942-4453-8CF9-C8F192428CF8}.Release|Any CPU.Build.0 = Release|Any CPU
		{20E87EA0-19EE-4B16-BB51-155E93AFDE82}.Debug|Any CPU.ActiveCfg = Debug|Any CPU
		{20E87EA0-19EE-4B16-BB51-155E93AFDE82}.Debug|Any CPU.Build.0 = Debug|Any CPU
		{20E87EA0-19EE-4B16-BB51-155E93AFDE82}.Release|Any CPU.ActiveCfg = Release|Any CPU
		{20E87EA0-19EE-4B16-BB51-155E93AFDE82}.Release|Any CPU.Build.0 = Release|Any CPU
	EndGlobalSection
	GlobalSection(SolutionProperties) = preSolution
		HideSolutionNode = FALSE
	EndGlobalSection
	GlobalSection(NestedProjects) = preSolution
		{0124875F-03DA-4A75-AC1E-E133A862BDC7} = {41FBFD47-BBAC-4EED-A830-A73D3FBEF554}
		{E0F383A0-F7CB-482F-BBD8-AF16E5053DCF} = {0124875F-03DA-4A75-AC1E-E133A862BDC7}
		{B3F369DE-3ADB-4444-A335-9ED107BA048D} = {E0F383A0-F7CB-482F-BBD8-AF16E5053DCF}
		{3578BF70-3942-4453-8CF9-C8F192428CF8} = {B3F369DE-3ADB-4444-A335-9ED107BA048D}
		{5F43EBD9-BF4D-448B-BBC4-670421ED89C2} = {0124875F-03DA-4A75-AC1E-E133A862BDC7}
		{8E13EF81-58F6-4B21-9A78-ED6CBE0B7D82} = {5F43EBD9-BF4D-448B-BBC4-670421ED89C2}
		{20E87EA0-19EE-4B16-BB51-155E93AFDE82} = {8E13EF81-58F6-4B21-9A78-ED6CBE0B7D82}
	EndGlobalSection
	GlobalSection(ExtensibilityGlobals) = postSolution
		SolutionGuid = {110AE469-91E9-43BF-A448-49F66E263BB3}
	EndGlobalSection
EndGlobal
